
Microsoft Visual Studio Solution File, Format Version 12.00
# Visual Studio Version 17
VisualStudioVersion = 17.7.34009.444
MinimumVisualStudioVersion = 10.0.40219.1
Project("{9A19103F-16F7-4668-BE54-9A1E7A4F7556}") = "WpfAppDogEvents", "WpfAppDogEvents.csproj", "{DF6550F0-3CCD-42B3-9EBC-4E2862AC6493}"
EndProject
Project("{9A19103F-16F7-4668-BE54-9A1E7A4F7556}") = "DogLibraryDotNet", "..\DogLibraryDotNet\DogLibraryDotNet\DogLibraryDotNet.csproj", "{148C7958-8F4D-482D-B5AA-78742234E30E}"
EndProject
Global
	GlobalSection(SolutionConfigurationPlatforms) = preSolution
		Debug|Any CPU = Debug|Any CPU
		Release|Any CPU = Release|Any CPU
	EndGlobalSection
	GlobalSection(ProjectConfigurationPlatforms) = postSolution
		{DF6550F0-3CCD-42B3-9EBC-4E2862AC6493}.Debug|Any CPU.ActiveCfg = Debug|Any CPU
		{DF6550F0-3CCD-42B3-9EBC-4E2862AC6493}.Debug|Any CPU.Build.0 = Debug|Any CPU
		{DF6550F0-3CCD-42B3-9EBC-4E2862AC6493}.Release|Any CPU.ActiveCfg = Release|Any CPU
		{DF6550F0-3CCD-42B3-9EBC-4E2862AC6493}.Release|Any CPU.Build.0 = Release|Any CPU
		{148C7958-8F4D-482D-B5AA-78742234E30E}.Debug|Any CPU.ActiveCfg = Debug|Any CPU
		{148C7958-8F4D-482D-B5AA-78742234E30E}.Debug|Any CPU.Build.0 = Debug|Any CPU
		{148C7958-8F4D-482D-B5AA-78742234E30E}.Release|Any CPU.ActiveCfg = Release|Any CPU
		{148C7958-8F4D-482D-B5AA-78742234E30E}.Release|Any CPU.Build.0 = Release|Any CPU
	EndGlobalSection
	GlobalSection(SolutionProperties) = preSolution
		HideSolutionNode = FALSE
	EndGlobalSection
	GlobalSection(ExtensibilityGlobals) = postSolution
		SolutionGuid = {4CC1D9BE-0058-46B9-9FD1-4434E120F2E9}
	EndGlobalSection
EndGlobal
