
Microsoft Visual Studio Solution File, Format Version 12.00
# Visual Studio Version 17
VisualStudioVersion = 17.7.34009.444
MinimumVisualStudioVersion = 10.0.40219.1
Project("{FAE04EC0-301F-11D3-BF4B-00C04F79EFBC}") = "ConsoleAppCrafting", "ConsoleAppCrafting\ConsoleAppCrafting.csproj", "{94939B57-9532-43F3-A66C-D012A1627006}"
EndProject
Global
	GlobalSection(SolutionConfigurationPlatforms) = preSolution
		Debug|Any CPU = Debug|Any CPU
		Release|Any CPU = Release|Any CPU
	EndGlobalSection
	GlobalSection(ProjectConfigurationPlatforms) = postSolution
		{94939B57-9532-43F3-A66C-D012A1627006}.Debug|Any CPU.ActiveCfg = Debug|Any CPU
		{94939B57-9532-43F3-A66C-D012A1627006}.Debug|Any CPU.Build.0 = Debug|Any CPU
		{94939B57-9532-43F3-A66C-D012A1627006}.Release|Any CPU.ActiveCfg = Release|Any CPU
		{94939B57-9532-43F3-A66C-D012A1627006}.Release|Any CPU.Build.0 = Release|Any CPU
	EndGlobalSection
	GlobalSection(SolutionProperties) = preSolution
		HideSolutionNode = FALSE
	EndGlobalSection
	GlobalSection(ExtensibilityGlobals) = postSolution
		SolutionGuid = {C1788031-FCAD-4503-B5CA-4777DE95D6DD}
	EndGlobalSection
EndGlobal
